// !$*UTF8*$!
{
	archiveVersion = 1;
	classes = {
	};
	objectVersion = 56;
	objects = {

/* Begin PBXBuildFile section */
		E4BE564029BEA883009B341D /* RhythmAppApp.swift in Sources */ = {isa = PBXBuildFile; fileRef = E4BE563F29BEA883009B341D /* RhythmAppApp.swift */; };
		E4BE564429BEA886009B341D /* Assets.xcassets in Resources */ = {isa = PBXBuildFile; fileRef = E4BE564329BEA886009B341D /* Assets.xcassets */; };
		E4BE564829BEA886009B341D /* Preview Assets.xcassets in Resources */ = {isa = PBXBuildFile; fileRef = E4BE564729BEA886009B341D /* Preview Assets.xcassets */; };
		E4BE565329BEA930009B341D /* Easy1.mp3 in Resources */ = {isa = PBXBuildFile; fileRef = E4BE565229BEA930009B341D /* Easy1.mp3 */; };
		E4BE565729BEA9D8009B341D /* Login.swift in Sources */ = {isa = PBXBuildFile; fileRef = E4BE565629BEA9D8009B341D /* Login.swift */; };
		E4E7E26829BEAC190062E93B /* Homescreen.swift in Sources */ = {isa = PBXBuildFile; fileRef = E4E7E26729BEAC190062E93B /* Homescreen.swift */; };
		E4E7E26A29BEAC730062E93B /* Menu.swift in Sources */ = {isa = PBXBuildFile; fileRef = E4E7E26929BEAC730062E93B /* Menu.swift */; };
		E4E7E26C29BEAC860062E93B /* Feedback.swift in Sources */ = {isa = PBXBuildFile; fileRef = E4E7E26B29BEAC860062E93B /* Feedback.swift */; };
		E4E7E26E29BEACE70062E93B /* Game.swift in Sources */ = {isa = PBXBuildFile; fileRef = E4E7E26D29BEACE70062E93B /* Game.swift */; };
		E4E7E27029BEAD0A0062E93B /* GameController.swift in Sources */ = {isa = PBXBuildFile; fileRef = E4E7E26F29BEAD0A0062E93B /* GameController.swift */; };
		E4E7E27229BEAD290062E93B /* Sound.swift in Sources */ = {isa = PBXBuildFile; fileRef = E4E7E27129BEAD290062E93B /* Sound.swift */; };
		E4E7E27429BEAD3E0062E93B /* SoundData.swift in Sources */ = {isa = PBXBuildFile; fileRef = E4E7E27329BEAD3E0062E93B /* SoundData.swift */; };
		E4E7E27629BEADFE0062E93B /* Queue.swift in Sources */ = {isa = PBXBuildFile; fileRef = E4E7E27529BEADFE0062E93B /* Queue.swift */; };
		E4E7E27829BEAE120062E93B /* Homepage.swift in Sources */ = {isa = PBXBuildFile; fileRef = E4E7E27729BEAE120062E93B /* Homepage.swift */; };
		E4E7E27A29BEAE380062E93B /* CustomTabBar.swift in Sources */ = {isa = PBXBuildFile; fileRef = E4E7E27929BEAE380062E93B /* CustomTabBar.swift */; };
		FA68E24B29CA6D6300A267D0 /* StopWatchManager.swift in Sources */ = {isa = PBXBuildFile; fileRef = FA68E24A29CA6D6300A267D0 /* StopWatchManager.swift */; };
		FAA6CCB929C9622F006FE7CC /* SetTimer.swift in Sources */ = {isa = PBXBuildFile; fileRef = FAA6CCB829C9622F006FE7CC /* SetTimer.swift */; };
/* End PBXBuildFile section */

/* Begin PBXFileReference section */
		E4BE563C29BEA883009B341D /* RhythmApp.app */ = {isa = PBXFileReference; explicitFileType = wrapper.application; includeInIndex = 0; path = RhythmApp.app; sourceTree = BUILT_PRODUCTS_DIR; };
		E4BE563F29BEA883009B341D /* RhythmAppApp.swift */ = {isa = PBXFileReference; lastKnownFileType = sourcecode.swift; path = RhythmAppApp.swift; sourceTree = "<group>"; };
		E4BE564329BEA886009B341D /* Assets.xcassets */ = {isa = PBXFileReference; lastKnownFileType = folder.assetcatalog; path = Assets.xcassets; sourceTree = "<group>"; };
		E4BE564529BEA886009B341D /* RhythmApp.entitlements */ = {isa = PBXFileReference; lastKnownFileType = text.plist.entitlements; path = RhythmApp.entitlements; sourceTree = "<group>"; };
		E4BE564729BEA886009B341D /* Preview Assets.xcassets */ = {isa = PBXFileReference; lastKnownFileType = folder.assetcatalog; path = "Preview Assets.xcassets"; sourceTree = "<group>"; };
		E4BE565229BEA930009B341D /* Easy1.mp3 */ = {isa = PBXFileReference; lastKnownFileType = audio.mp3; path = Easy1.mp3; sourceTree = "<group>"; };
		E4BE565429BEA94A009B341D /* Quicksand-VariableFont_wght.ttf */ = {isa = PBXFileReference; lastKnownFileType = file; path = "Quicksand-VariableFont_wght.ttf"; sourceTree = "<group>"; };
		E4BE565529BEA971009B341D /* Info.plist */ = {isa = PBXFileReference; lastKnownFileType = text.plist; path = Info.plist; sourceTree = "<group>"; };
		E4BE565629BEA9D8009B341D /* Login.swift */ = {isa = PBXFileReference; lastKnownFileType = sourcecode.swift; path = Login.swift; sourceTree = "<group>"; };
		E4E7E26729BEAC190062E93B /* Homescreen.swift */ = {isa = PBXFileReference; lastKnownFileType = sourcecode.swift; path = Homescreen.swift; sourceTree = "<group>"; };
		E4E7E26929BEAC730062E93B /* Menu.swift */ = {isa = PBXFileReference; lastKnownFileType = sourcecode.swift; path = Menu.swift; sourceTree = "<group>"; };
		E4E7E26B29BEAC860062E93B /* Feedback.swift */ = {isa = PBXFileReference; lastKnownFileType = sourcecode.swift; path = Feedback.swift; sourceTree = "<group>"; };
		E4E7E26D29BEACE70062E93B /* Game.swift */ = {isa = PBXFileReference; lastKnownFileType = sourcecode.swift; path = Game.swift; sourceTree = "<group>"; };
		E4E7E26F29BEAD0A0062E93B /* GameController.swift */ = {isa = PBXFileReference; lastKnownFileType = sourcecode.swift; path = GameController.swift; sourceTree = "<group>"; };
		E4E7E27129BEAD290062E93B /* Sound.swift */ = {isa = PBXFileReference; lastKnownFileType = sourcecode.swift; path = Sound.swift; sourceTree = "<group>"; };
		E4E7E27329BEAD3E0062E93B /* SoundData.swift */ = {isa = PBXFileReference; lastKnownFileType = sourcecode.swift; path = SoundData.swift; sourceTree = "<group>"; };
		E4E7E27529BEADFE0062E93B /* Queue.swift */ = {isa = PBXFileReference; lastKnownFileType = sourcecode.swift; path = Queue.swift; sourceTree = "<group>"; };
		E4E7E27729BEAE120062E93B /* Homepage.swift */ = {isa = PBXFileReference; lastKnownFileType = sourcecode.swift; path = Homepage.swift; sourceTree = "<group>"; };
		E4E7E27929BEAE380062E93B /* CustomTabBar.swift */ = {isa = PBXFileReference; lastKnownFileType = sourcecode.swift; path = CustomTabBar.swift; sourceTree = "<group>"; };
		FA68E24A29CA6D6300A267D0 /* StopWatchManager.swift */ = {isa = PBXFileReference; lastKnownFileType = sourcecode.swift; path = StopWatchManager.swift; sourceTree = "<group>"; };
		FAA6CCB829C9622F006FE7CC /* SetTimer.swift */ = {isa = PBXFileReference; lastKnownFileType = sourcecode.swift; path = SetTimer.swift; sourceTree = "<group>"; };
/* End PBXFileReference section */

/* Begin PBXFrameworksBuildPhase section */
		E4BE563929BEA883009B341D /* Frameworks */ = {
			isa = PBXFrameworksBuildPhase;
			buildActionMask = 2147483647;
			files = (
			);
			runOnlyForDeploymentPostprocessing = 0;
		};
/* End PBXFrameworksBuildPhase section */

/* Begin PBXGroup section */
		E4BE563329BEA883009B341D = {
			isa = PBXGroup;
			children = (
				E4BE563E29BEA883009B341D /* RhythmApp */,
				E4BE563D29BEA883009B341D /* Products */,
			);
			sourceTree = "<group>";
		};
		E4BE563D29BEA883009B341D /* Products */ = {
			isa = PBXGroup;
			children = (
				E4BE563C29BEA883009B341D /* RhythmApp.app */,
			);
			name = Products;
			sourceTree = "<group>";
		};
		E4BE563E29BEA883009B341D /* RhythmApp */ = {
			isa = PBXGroup;
			children = (
				E4BE565529BEA971009B341D /* Info.plist */,
				E4BE564F29BEA8F8009B341D /* Font */,
				E4BE564E29BEA8F2009B341D /* Sounds */,
				E4BE565029BEA904009B341D /* Login Tool */,
				E4BE565129BEA914009B341D /* GameFolder */,
				E4E7E26729BEAC190062E93B /* Homescreen.swift */,
				FAA6CCB829C9622F006FE7CC /* SetTimer.swift */,
				E4E7E27729BEAE120062E93B /* Homepage.swift */,
				E4E7E27929BEAE380062E93B /* CustomTabBar.swift */,
				E4E7E26929BEAC730062E93B /* Menu.swift */,
				E4E7E26B29BEAC860062E93B /* Feedback.swift */,
				E4BE564329BEA886009B341D /* Assets.xcassets */,
				E4BE563F29BEA883009B341D /* RhythmAppApp.swift */,
				E4BE564529BEA886009B341D /* RhythmApp.entitlements */,
				E4BE564629BEA886009B341D /* Preview Content */,
			);
			path = RhythmApp;
			sourceTree = "<group>";
		};
		E4BE564629BEA886009B341D /* Preview Content */ = {
			isa = PBXGroup;
			children = (
				E4BE564729BEA886009B341D /* Preview Assets.xcassets */,
			);
			path = "Preview Content";
			sourceTree = "<group>";
		};
		E4BE564E29BEA8F2009B341D /* Sounds */ = {
			isa = PBXGroup;
			children = (
				E4BE565229BEA930009B341D /* Easy1.mp3 */,
			);
			path = Sounds;
			sourceTree = "<group>";
		};
		E4BE564F29BEA8F8009B341D /* Font */ = {
			isa = PBXGroup;
			children = (
				E4BE565429BEA94A009B341D /* Quicksand-VariableFont_wght.ttf */,
			);
			path = Font;
			sourceTree = "<group>";
		};
		E4BE565029BEA904009B341D /* Login Tool */ = {
			isa = PBXGroup;
			children = (
				E4BE565629BEA9D8009B341D /* Login.swift */,
			);
			path = "Login Tool";
			sourceTree = "<group>";
		};
		E4BE565129BEA914009B341D /* GameFolder */ = {
			isa = PBXGroup;
			children = (
				E4E7E26D29BEACE70062E93B /* Game.swift */,
				E4E7E26F29BEAD0A0062E93B /* GameController.swift */,
				FA68E24A29CA6D6300A267D0 /* StopWatchManager.swift */,
				E4E7E27129BEAD290062E93B /* Sound.swift */,
				E4E7E27329BEAD3E0062E93B /* SoundData.swift */,
				E4E7E27529BEADFE0062E93B /* Queue.swift */,
			);
			path = GameFolder;
			sourceTree = "<group>";
		};
/* End PBXGroup section */

/* Begin PBXNativeTarget section */
		E4BE563B29BEA883009B341D /* RhythmApp */ = {
			isa = PBXNativeTarget;
			buildConfigurationList = E4BE564B29BEA886009B341D /* Build configuration list for PBXNativeTarget "RhythmApp" */;
			buildPhases = (
				E4BE563829BEA883009B341D /* Sources */,
				E4BE563929BEA883009B341D /* Frameworks */,
				E4BE563A29BEA883009B341D /* Resources */,
			);
			buildRules = (
			);
			dependencies = (
			);
			name = RhythmApp;
			productName = RhythmApp;
			productReference = E4BE563C29BEA883009B341D /* RhythmApp.app */;
			productType = "com.apple.product-type.application";
		};
/* End PBXNativeTarget section */

/* Begin PBXProject section */
		E4BE563429BEA883009B341D /* Project object */ = {
			isa = PBXProject;
			attributes = {
				BuildIndependentTargetsInParallel = 1;
				LastSwiftUpdateCheck = 1420;
				LastUpgradeCheck = 1420;
				TargetAttributes = {
					E4BE563B29BEA883009B341D = {
						CreatedOnToolsVersion = 14.2;
					};
				};
			};
			buildConfigurationList = E4BE563729BEA883009B341D /* Build configuration list for PBXProject "RhythmApp" */;
			compatibilityVersion = "Xcode 14.0";
			developmentRegion = en;
			hasScannedForEncodings = 0;
			knownRegions = (
				en,
				Base,
			);
			mainGroup = E4BE563329BEA883009B341D;
			productRefGroup = E4BE563D29BEA883009B341D /* Products */;
			projectDirPath = "";
			projectRoot = "";
			targets = (
				E4BE563B29BEA883009B341D /* RhythmApp */,
			);
		};
/* End PBXProject section */

/* Begin PBXResourcesBuildPhase section */
		E4BE563A29BEA883009B341D /* Resources */ = {
			isa = PBXResourcesBuildPhase;
			buildActionMask = 2147483647;
			files = (
				E4BE565329BEA930009B341D /* Easy1.mp3 in Resources */,
				E4BE564829BEA886009B341D /* Preview Assets.xcassets in Resources */,
				E4BE564429BEA886009B341D /* Assets.xcassets in Resources */,
			);
			runOnlyForDeploymentPostprocessing = 0;
		};
/* End PBXResourcesBuildPhase section */

/* Begin PBXSourcesBuildPhase section */
		E4BE563829BEA883009B341D /* Sources */ = {
			isa = PBXSourcesBuildPhase;
			buildActionMask = 2147483647;
			files = (
				E4BE565729BEA9D8009B341D /* Login.swift in Sources */,
				E4E7E26E29BEACE70062E93B /* Game.swift in Sources */,
				E4E7E26829BEAC190062E93B /* Homescreen.swift in Sources */,
				FA68E24B29CA6D6300A267D0 /* StopWatchManager.swift in Sources */,
				E4E7E26C29BEAC860062E93B /* Feedback.swift in Sources */,
				E4E7E27A29BEAE380062E93B /* CustomTabBar.swift in Sources */,
				E4E7E26A29BEAC730062E93B /* Menu.swift in Sources */,
				E4E7E27629BEADFE0062E93B /* Queue.swift in Sources */,
				E4BE564029BEA883009B341D /* RhythmAppApp.swift in Sources */,
				E4E7E27829BEAE120062E93B /* Homepage.swift in Sources */,
				FAA6CCB929C9622F006FE7CC /* SetTimer.swift in Sources */,
				E4E7E27429BEAD3E0062E93B /* SoundData.swift in Sources */,
				E4E7E27029BEAD0A0062E93B /* GameController.swift in Sources */,
				E4E7E27229BEAD290062E93B /* Sound.swift in Sources */,
			);
			runOnlyForDeploymentPostprocessing = 0;
		};
/* End PBXSourcesBuildPhase section */

/* Begin XCBuildConfiguration section */
		E4BE564929BEA886009B341D /* Debug */ = {
			isa = XCBuildConfiguration;
			buildSettings = {
				ALWAYS_SEARCH_USER_PATHS = NO;
				CLANG_ANALYZER_NONNULL = YES;
				CLANG_ANALYZER_NUMBER_OBJECT_CONVERSION = YES_AGGRESSIVE;
				CLANG_CXX_LANGUAGE_STANDARD = "gnu++20";
				CLANG_ENABLE_MODULES = YES;
				CLANG_ENABLE_OBJC_ARC = YES;
				CLANG_ENABLE_OBJC_WEAK = YES;
				CLANG_WARN_BLOCK_CAPTURE_AUTORELEASING = YES;
				CLANG_WARN_BOOL_CONVERSION = YES;
				CLANG_WARN_COMMA = YES;
				CLANG_WARN_CONSTANT_CONVERSION = YES;
				CLANG_WARN_DEPRECATED_OBJC_IMPLEMENTATIONS = YES;
				CLANG_WARN_DIRECT_OBJC_ISA_USAGE = YES_ERROR;
				CLANG_WARN_DOCUMENTATION_COMMENTS = YES;
				CLANG_WARN_EMPTY_BODY = YES;
				CLANG_WARN_ENUM_CONVERSION = YES;
				CLANG_WARN_INFINITE_RECURSION = YES;
				CLANG_WARN_INT_CONVERSION = YES;
				CLANG_WARN_NON_LITERAL_NULL_CONVERSION = YES;
				CLANG_WARN_OBJC_IMPLICIT_RETAIN_SELF = YES;
				CLANG_WARN_OBJC_LITERAL_CONVERSION = YES;
				CLANG_WARN_OBJC_ROOT_CLASS = YES_ERROR;
				CLANG_WARN_QUOTED_INCLUDE_IN_FRAMEWORK_HEADER = YES;
				CLANG_WARN_RANGE_LOOP_ANALYSIS = YES;
				CLANG_WARN_STRICT_PROTOTYPES = YES;
				CLANG_WARN_SUSPICIOUS_MOVE = YES;
				CLANG_WARN_UNGUARDED_AVAILABILITY = YES_AGGRESSIVE;
				CLANG_WARN_UNREACHABLE_CODE = YES;
				CLANG_WARN__DUPLICATE_METHOD_MATCH = YES;
				COPY_PHASE_STRIP = NO;
				DEBUG_INFORMATION_FORMAT = dwarf;
				ENABLE_STRICT_OBJC_MSGSEND = YES;
				ENABLE_TESTABILITY = YES;
				GCC_C_LANGUAGE_STANDARD = gnu11;
				GCC_DYNAMIC_NO_PIC = NO;
				GCC_NO_COMMON_BLOCKS = YES;
				GCC_OPTIMIZATION_LEVEL = 0;
				GCC_PREPROCESSOR_DEFINITIONS = (
					"DEBUG=1",
					"$(inherited)",
				);
				GCC_WARN_64_TO_32_BIT_CONVERSION = YES;
				GCC_WARN_ABOUT_RETURN_TYPE = YES_ERROR;
				GCC_WARN_UNDECLARED_SELECTOR = YES;
				GCC_WARN_UNINITIALIZED_AUTOS = YES_AGGRESSIVE;
				GCC_WARN_UNUSED_FUNCTION = YES;
				GCC_WARN_UNUSED_VARIABLE = YES;
				MTL_ENABLE_DEBUG_INFO = INCLUDE_SOURCE;
				MTL_FAST_MATH = YES;
				ONLY_ACTIVE_ARCH = YES;
				SWIFT_ACTIVE_COMPILATION_CONDITIONS = DEBUG;
				SWIFT_OPTIMIZATION_LEVEL = "-Onone";
			};
			name = Debug;
		};
		E4BE564A29BEA886009B341D /* Release */ = {
			isa = XCBuildConfiguration;
			buildSettings = {
				ALWAYS_SEARCH_USER_PATHS = NO;
				CLANG_ANALYZER_NONNULL = YES;
				CLANG_ANALYZER_NUMBER_OBJECT_CONVERSION = YES_AGGRESSIVE;
				CLANG_CXX_LANGUAGE_STANDARD = "gnu++20";
				CLANG_ENABLE_MODULES = YES;
				CLANG_ENABLE_OBJC_ARC = YES;
				CLANG_ENABLE_OBJC_WEAK = YES;
				CLANG_WARN_BLOCK_CAPTURE_AUTORELEASING = YES;
				CLANG_WARN_BOOL_CONVERSION = YES;
				CLANG_WARN_COMMA = YES;
				CLANG_WARN_CONSTANT_CONVERSION = YES;
				CLANG_WARN_DEPRECATED_OBJC_IMPLEMENTATIONS = YES;
				CLANG_WARN_DIRECT_OBJC_ISA_USAGE = YES_ERROR;
				CLANG_WARN_DOCUMENTATION_COMMENTS = YES;
				CLANG_WARN_EMPTY_BODY = YES;
				CLANG_WARN_ENUM_CONVERSION = YES;
				CLANG_WARN_INFINITE_RECURSION = YES;
				CLANG_WARN_INT_CONVERSION = YES;
				CLANG_WARN_NON_LITERAL_NULL_CONVERSION = YES;
				CLANG_WARN_OBJC_IMPLICIT_RETAIN_SELF = YES;
				CLANG_WARN_OBJC_LITERAL_CONVERSION = YES;
				CLANG_WARN_OBJC_ROOT_CLASS = YES_ERROR;
				CLANG_WARN_QUOTED_INCLUDE_IN_FRAMEWORK_HEADER = YES;
				CLANG_WARN_RANGE_LOOP_ANALYSIS = YES;
				CLANG_WARN_STRICT_PROTOTYPES = YES;
				CLANG_WARN_SUSPICIOUS_MOVE = YES;
				CLANG_WARN_UNGUARDED_AVAILABILITY = YES_AGGRESSIVE;
				CLANG_WARN_UNREACHABLE_CODE = YES;
				CLANG_WARN__DUPLICATE_METHOD_MATCH = YES;
				COPY_PHASE_STRIP = NO;
				DEBUG_INFORMATION_FORMAT = "dwarf-with-dsym";
				ENABLE_NS_ASSERTIONS = NO;
				ENABLE_STRICT_OBJC_MSGSEND = YES;
				GCC_C_LANGUAGE_STANDARD = gnu11;
				GCC_NO_COMMON_BLOCKS = YES;
				GCC_WARN_64_TO_32_BIT_CONVERSION = YES;
				GCC_WARN_ABOUT_RETURN_TYPE = YES_ERROR;
				GCC_WARN_UNDECLARED_SELECTOR = YES;
				GCC_WARN_UNINITIALIZED_AUTOS = YES_AGGRESSIVE;
				GCC_WARN_UNUSED_FUNCTION = YES;
				GCC_WARN_UNUSED_VARIABLE = YES;
				MTL_ENABLE_DEBUG_INFO = NO;
				MTL_FAST_MATH = YES;
				SWIFT_COMPILATION_MODE = wholemodule;
				SWIFT_OPTIMIZATION_LEVEL = "-O";
			};
			name = Release;
		};
		E4BE564C29BEA886009B341D /* Debug */ = {
			isa = XCBuildConfiguration;
			buildSettings = {
				ASSETCATALOG_COMPILER_APPICON_NAME = AppIcon;
				ASSETCATALOG_COMPILER_GLOBAL_ACCENT_COLOR_NAME = AccentColor;
				CODE_SIGN_ENTITLEMENTS = RhythmApp/RhythmApp.entitlements;
				CODE_SIGN_STYLE = Automatic;
				CURRENT_PROJECT_VERSION = 1;
				DEVELOPMENT_ASSET_PATHS = "\"RhythmApp/Preview Content\"";
				DEVELOPMENT_TEAM = ZXR246346D;
				ENABLE_HARDENED_RUNTIME = YES;
				ENABLE_PREVIEWS = YES;
				GENERATE_INFOPLIST_FILE = YES;
				INFOPLIST_FILE = RhythmApp/Info.plist;
				"INFOPLIST_KEY_UIApplicationSceneManifest_Generation[sdk=iphoneos*]" = YES;
				"INFOPLIST_KEY_UIApplicationSceneManifest_Generation[sdk=iphonesimulator*]" = YES;
				"INFOPLIST_KEY_UIApplicationSupportsIndirectInputEvents[sdk=iphoneos*]" = YES;
				"INFOPLIST_KEY_UIApplicationSupportsIndirectInputEvents[sdk=iphonesimulator*]" = YES;
				"INFOPLIST_KEY_UILaunchScreen_Generation[sdk=iphoneos*]" = YES;
				"INFOPLIST_KEY_UILaunchScreen_Generation[sdk=iphonesimulator*]" = YES;
				"INFOPLIST_KEY_UIStatusBarStyle[sdk=iphoneos*]" = UIStatusBarStyleDefault;
				"INFOPLIST_KEY_UIStatusBarStyle[sdk=iphonesimulator*]" = UIStatusBarStyleDefault;
				INFOPLIST_KEY_UISupportedInterfaceOrientations_iPad = "UIInterfaceOrientationPortrait UIInterfaceOrientationPortraitUpsideDown UIInterfaceOrientationLandscapeLeft UIInterfaceOrientationLandscapeRight";
				INFOPLIST_KEY_UISupportedInterfaceOrientations_iPhone = "UIInterfaceOrientationPortrait UIInterfaceOrientationLandscapeLeft UIInterfaceOrientationLandscapeRight";
				IPHONEOS_DEPLOYMENT_TARGET = 16.2;
				LD_RUNPATH_SEARCH_PATHS = "@executable_path/Frameworks";
				"LD_RUNPATH_SEARCH_PATHS[sdk=macosx*]" = "@executable_path/../Frameworks";
				MACOSX_DEPLOYMENT_TARGET = 12.6;
				MARKETING_VERSION = 1.0;
				PRODUCT_BUNDLE_IDENTIFIER = com.sophiestrausberg.RhythmApp;
				PRODUCT_NAME = "$(TARGET_NAME)";
				SDKROOT = auto;
				SUPPORTED_PLATFORMS = "iphoneos iphonesimulator macosx";
				SWIFT_EMIT_LOC_STRINGS = YES;
				SWIFT_VERSION = 5.0;
				TARGETED_DEVICE_FAMILY = "1,2";
			};
			name = Debug;
		};
		E4BE564D29BEA886009B341D /* Release */ = {
			isa = XCBuildConfiguration;
			buildSettings = {
				ASSETCATALOG_COMPILER_APPICON_NAME = AppIcon;
				ASSETCATALOG_COMPILER_GLOBAL_ACCENT_COLOR_NAME = AccentColor;
				CODE_SIGN_ENTITLEMENTS = RhythmApp/RhythmApp.entitlements;
				CODE_SIGN_STYLE = Automatic;
				CURRENT_PROJECT_VERSION = 1;
				DEVELOPMENT_ASSET_PATHS = "\"RhythmApp/Preview Content\"";
				DEVELOPMENT_TEAM = ZXR246346D;
				ENABLE_HARDENED_RUNTIME = YES;
				ENABLE_PREVIEWS = YES;
				GENERATE_INFOPLIST_FILE = YES;
				INFOPLIST_FILE = RhythmApp/Info.plist;
				"INFOPLIST_KEY_UIApplicationSceneManifest_Generation[sdk=iphoneos*]" = YES;
				"INFOPLIST_KEY_UIApplicationSceneManifest_Generation[sdk=iphonesimulator*]" = YES;
				"INFOPLIST_KEY_UIApplicationSupportsIndirectInputEvents[sdk=iphoneos*]" = YES;
				"INFOPLIST_KEY_UIApplicationSupportsIndirectInputEvents[sdk=iphonesimulator*]" = YES;
				"INFOPLIST_KEY_UILaunchScreen_Generation[sdk=iphoneos*]" = YES;
				"INFOPLIST_KEY_UILaunchScreen_Generation[sdk=iphonesimulator*]" = YES;
				"INFOPLIST_KEY_UIStatusBarStyle[sdk=iphoneos*]" = UIStatusBarStyleDefault;
				"INFOPLIST_KEY_UIStatusBarStyle[sdk=iphonesimulator*]" = UIStatusBarStyleDefault;
				INFOPLIST_KEY_UISupportedInterfaceOrientations_iPad = "UIInterfaceOrientationPortrait UIInterfaceOrientationPortraitUpsideDown UIInterfaceOrientationLandscapeLeft UIInterfaceOrientationLandscapeRight";
				INFOPLIST_KEY_UISupportedInterfaceOrientations_iPhone = "UIInterfaceOrientationPortrait UIInterfaceOrientationLandscapeLeft UIInterfaceOrientationLandscapeRight";
				IPHONEOS_DEPLOYMENT_TARGET = 16.2;
				LD_RUNPATH_SEARCH_PATHS = "@executable_path/Frameworks";
				"LD_RUNPATH_SEARCH_PATHS[sdk=macosx*]" = "@executable_path/../Frameworks";
				MACOSX_DEPLOYMENT_TARGET = 12.6;
				MARKETING_VERSION = 1.0;
				PRODUCT_BUNDLE_IDENTIFIER = com.sophiestrausberg.RhythmApp;
				PRODUCT_NAME = "$(TARGET_NAME)";
				SDKROOT = auto;
				SUPPORTED_PLATFORMS = "iphoneos iphonesimulator macosx";
				SWIFT_EMIT_LOC_STRINGS = YES;
				SWIFT_VERSION = 5.0;
				TARGETED_DEVICE_FAMILY = "1,2";
			};
			name = Release;
		};
/* End XCBuildConfiguration section */

/* Begin XCConfigurationList section */
		E4BE563729BEA883009B341D /* Build configuration list for PBXProject "RhythmApp" */ = {
			isa = XCConfigurationList;
			buildConfigurations = (
				E4BE564929BEA886009B341D /* Debug */,
				E4BE564A29BEA886009B341D /* Release */,
			);
			defaultConfigurationIsVisible = 0;
			defaultConfigurationName = Release;
		};
		E4BE564B29BEA886009B341D /* Build configuration list for PBXNativeTarget "RhythmApp" */ = {
			isa = XCConfigurationList;
			buildConfigurations = (
				E4BE564C29BEA886009B341D /* Debug */,
				E4BE564D29BEA886009B341D /* Release */,
			);
			defaultConfigurationIsVisible = 0;
			defaultConfigurationName = Release;
		};
/* End XCConfigurationList section */
	};
	rootObject = E4BE563429BEA883009B341D /* Project object */;
}
